
Microsoft Visual Studio Solution File, Format Version 12.00
# Visual Studio Version 17
VisualStudioVersion = 17.9.34321.82
MinimumVisualStudioVersion = 10.0.40219.1
Project("{FAE04EC0-301F-11D3-BF4B-00C04F79EFBC}") = "WebApi", "WebApi\WebApi.csproj", "{C756AC4F-B3AA-467D-AA28-DCC4EA9032F6}"
EndProject
Project("{FAE04EC0-301F-11D3-BF4B-00C04F79EFBC}") = "Infrastructure", "Infrastructure\Infrastructure.csproj", "{E37695A7-9E7B-4C45-8C45-08F57DBD2933}"
EndProject
Global
	GlobalSection(SolutionConfigurationPlatforms) = preSolution
		Debug|Any CPU = Debug|Any CPU
		Release|Any CPU = Release|Any CPU
	EndGlobalSection
	GlobalSection(ProjectConfigurationPlatforms) = postSolution
		{C756AC4F-B3AA-467D-AA28-DCC4EA9032F6}.Debug|Any CPU.ActiveCfg = Debug|Any CPU
		{C756AC4F-B3AA-467D-AA28-DCC4EA9032F6}.Debug|Any CPU.Build.0 = Debug|Any CPU
		{C756AC4F-B3AA-467D-AA28-DCC4EA9032F6}.Release|Any CPU.ActiveCfg = Release|Any CPU
		{C756AC4F-B3AA-467D-AA28-DCC4EA9032F6}.Release|Any CPU.Build.0 = Release|Any CPU
		{E37695A7-9E7B-4C45-8C45-08F57DBD2933}.Debug|Any CPU.ActiveCfg = Debug|Any CPU
		{E37695A7-9E7B-4C45-8C45-08F57DBD2933}.Debug|Any CPU.Build.0 = Debug|Any CPU
		{E37695A7-9E7B-4C45-8C45-08F57DBD2933}.Release|Any CPU.ActiveCfg = Release|Any CPU
		{E37695A7-9E7B-4C45-8C45-08F57DBD2933}.Release|Any CPU.Build.0 = Release|Any CPU
	EndGlobalSection
	GlobalSection(SolutionProperties) = preSolution
		HideSolutionNode = FALSE
	EndGlobalSection
	GlobalSection(ExtensibilityGlobals) = postSolution
		SolutionGuid = {09DDEC03-9AE4-48EF-9A71-CC56A2991E91}
	EndGlobalSection
EndGlobal
